
Microsoft Visual Studio Solution File, Format Version 12.00
Project("{FAE04EC0-301F-11D3-BF4B-00C04F79EFBC}") = "ToDoList.API", "ToDoList.API\ToDoList.API.csproj", "{593845B0-AE38-4BD5-A5ED-A3A7CA754D10}"
EndProject
Project("{FAE04EC0-301F-11D3-BF4B-00C04F79EFBC}") = "ToDoList.Domain", "ToDoList.Domain\ToDoList.Domain.csproj", "{77999909-0324-4CE7-A666-E36192AEF2F9}"
EndProject
Project("{FAE04EC0-301F-11D3-BF4B-00C04F79EFBC}") = "ToDoList.Application", "ToDoList.Application\ToDoList.Application.csproj", "{C4E6C0BF-82E2-4FB1-A825-80753144AD58}"
EndProject
Project("{FAE04EC0-301F-11D3-BF4B-00C04F79EFBC}") = "ToDoList.Infrastructure", "ToDoList.Infrastructure\ToDoList.Infrastructure.csproj", "{C53E3810-260B-468D-A659-BCD502008A5B}"
EndProject
Global
	GlobalSection(SolutionConfigurationPlatforms) = preSolution
		Debug|Any CPU = Debug|Any CPU
		Release|Any CPU = Release|Any CPU
	EndGlobalSection
	GlobalSection(ProjectConfigurationPlatforms) = postSolution
		{593845B0-AE38-4BD5-A5ED-A3A7CA754D10}.Debug|Any CPU.ActiveCfg = Debug|Any CPU
		{593845B0-AE38-4BD5-A5ED-A3A7CA754D10}.Debug|Any CPU.Build.0 = Debug|Any CPU
		{593845B0-AE38-4BD5-A5ED-A3A7CA754D10}.Release|Any CPU.ActiveCfg = Release|Any CPU
		{593845B0-AE38-4BD5-A5ED-A3A7CA754D10}.Release|Any CPU.Build.0 = Release|Any CPU
		{77999909-0324-4CE7-A666-E36192AEF2F9}.Debug|Any CPU.ActiveCfg = Debug|Any CPU
		{77999909-0324-4CE7-A666-E36192AEF2F9}.Debug|Any CPU.Build.0 = Debug|Any CPU
		{77999909-0324-4CE7-A666-E36192AEF2F9}.Release|Any CPU.ActiveCfg = Release|Any CPU
		{77999909-0324-4CE7-A666-E36192AEF2F9}.Release|Any CPU.Build.0 = Release|Any CPU
		{C4E6C0BF-82E2-4FB1-A825-80753144AD58}.Debug|Any CPU.ActiveCfg = Debug|Any CPU
		{C4E6C0BF-82E2-4FB1-A825-80753144AD58}.Debug|Any CPU.Build.0 = Debug|Any CPU
		{C4E6C0BF-82E2-4FB1-A825-80753144AD58}.Release|Any CPU.ActiveCfg = Release|Any CPU
		{C4E6C0BF-82E2-4FB1-A825-80753144AD58}.Release|Any CPU.Build.0 = Release|Any CPU
		{C53E3810-260B-468D-A659-BCD502008A5B}.Debug|Any CPU.ActiveCfg = Debug|Any CPU
		{C53E3810-260B-468D-A659-BCD502008A5B}.Debug|Any CPU.Build.0 = Debug|Any CPU
		{C53E3810-260B-468D-A659-BCD502008A5B}.Release|Any CPU.ActiveCfg = Release|Any CPU
		{C53E3810-260B-468D-A659-BCD502008A5B}.Release|Any CPU.Build.0 = Release|Any CPU
	EndGlobalSection
EndGlobal
